
Microsoft Visual Studio Solution File, Format Version 12.00
# Visual Studio Version 17
VisualStudioVersion = 17.10.35013.160
MinimumVisualStudioVersion = 10.0.40219.1
Project("{8BC9CEB8-8B4A-11D0-8D11-00A0C91BC942}") = "Lab_8_3", "Lab_8_3.vcxproj", "{79260B96-73CD-48C4-BE19-2F435521F255}"
EndProject
Global
	GlobalSection(SolutionConfigurationPlatforms) = preSolution
		Debug|x64 = Debug|x64
		Release|x64 = Release|x64
	EndGlobalSection
	GlobalSection(ProjectConfigurationPlatforms) = postSolution
		{79260B96-73CD-48C4-BE19-2F435521F255}.Debug|x64.ActiveCfg = Debug|x64
		{79260B96-73CD-48C4-BE19-2F435521F255}.Debug|x64.Build.0 = Debug|x64
		{79260B96-73CD-48C4-BE19-2F435521F255}.Release|x64.ActiveCfg = Release|x64
		{79260B96-73CD-48C4-BE19-2F435521F255}.Release|x64.Build.0 = Release|x64
	EndGlobalSection
	GlobalSection(SolutionProperties) = preSolution
		HideSolutionNode = FALSE
	EndGlobalSection
	GlobalSection(ExtensibilityGlobals) = postSolution
		SolutionGuid = {57536067-2595-4CEE-99A7-08822EDC7E23}
	EndGlobalSection
EndGlobal
